// !$*UTF8*$!
{
	archiveVersion = 1;
	classes = {
	};
	objectVersion = 56;
	objects = {

/* Begin PBXBuildFile section */
		D427348B2BD71C1200174AB1 /* AppDelegate.swift in Sources */ = {isa = PBXBuildFile; fileRef = D427348A2BD71C1200174AB1 /* AppDelegate.swift */; };
		D427348D2BD71C1200174AB1 /* SceneDelegate.swift in Sources */ = {isa = PBXBuildFile; fileRef = D427348C2BD71C1200174AB1 /* SceneDelegate.swift */; };
		D42734922BD71C1200174AB1 /* Main.storyboard in Resources */ = {isa = PBXBuildFile; fileRef = D42734902BD71C1200174AB1 /* Main.storyboard */; };
		D42734942BD71C1400174AB1 /* Assets.xcassets in Resources */ = {isa = PBXBuildFile; fileRef = D42734932BD71C1400174AB1 /* Assets.xcassets */; };
		D42734972BD71C1400174AB1 /* LaunchScreen.storyboard in Resources */ = {isa = PBXBuildFile; fileRef = D42734952BD71C1400174AB1 /* LaunchScreen.storyboard */; };
		D42734A12BD83BC300174AB1 /* Model.swift in Sources */ = {isa = PBXBuildFile; fileRef = D42734A02BD83BC300174AB1 /* Model.swift */; };
		D42734A32BD83C2300174AB1 /* SubjectsTableViewController.swift in Sources */ = {isa = PBXBuildFile; fileRef = D42734A22BD83C2300174AB1 /* SubjectsTableViewController.swift */; };
		D42734A62BDB09C200174AB1 /* GradeViewController.swift in Sources */ = {isa = PBXBuildFile; fileRef = D42734A52BDB09C200174AB1 /* GradeViewController.swift */; };
		D42734A82BDB0A2B00174AB1 /* GradeViewController.storyboard in Resources */ = {isa = PBXBuildFile; fileRef = D42734A72BDB0A2B00174AB1 /* GradeViewController.storyboard */; };
/* End PBXBuildFile section */

/* Begin PBXFileReference section */
		D42734872BD71C1200174AB1 /* GradePredictor.app */ = {isa = PBXFileReference; explicitFileType = wrapper.application; includeInIndex = 0; path = GradePredictor.app; sourceTree = BUILT_PRODUCTS_DIR; };
		D427348A2BD71C1200174AB1 /* AppDelegate.swift */ = {isa = PBXFileReference; lastKnownFileType = sourcecode.swift; path = AppDelegate.swift; sourceTree = "<group>"; };
		D427348C2BD71C1200174AB1 /* SceneDelegate.swift */ = {isa = PBXFileReference; lastKnownFileType = sourcecode.swift; path = SceneDelegate.swift; sourceTree = "<group>"; };
		D42734912BD71C1200174AB1 /* Base */ = {isa = PBXFileReference; lastKnownFileType = file.storyboard; name = Base; path = Base.lproj/Main.storyboard; sourceTree = "<group>"; };
		D42734932BD71C1400174AB1 /* Assets.xcassets */ = {isa = PBXFileReference; lastKnownFileType = folder.assetcatalog; path = Assets.xcassets; sourceTree = "<group>"; };
		D42734962BD71C1400174AB1 /* Base */ = {isa = PBXFileReference; lastKnownFileType = file.storyboard; name = Base; path = Base.lproj/LaunchScreen.storyboard; sourceTree = "<group>"; };
		D42734982BD71C1400174AB1 /* Info.plist */ = {isa = PBXFileReference; lastKnownFileType = text.plist.xml; path = Info.plist; sourceTree = "<group>"; };
		D42734A02BD83BC300174AB1 /* Model.swift */ = {isa = PBXFileReference; lastKnownFileType = sourcecode.swift; path = Model.swift; sourceTree = "<group>"; };
		D42734A22BD83C2300174AB1 /* SubjectsTableViewController.swift */ = {isa = PBXFileReference; lastKnownFileType = sourcecode.swift; path = SubjectsTableViewController.swift; sourceTree = "<group>"; };
		D42734A52BDB09C200174AB1 /* GradeViewController.swift */ = {isa = PBXFileReference; lastKnownFileType = sourcecode.swift; path = GradeViewController.swift; sourceTree = "<group>"; };
		D42734A72BDB0A2B00174AB1 /* GradeViewController.storyboard */ = {isa = PBXFileReference; lastKnownFileType = file.storyboard; path = GradeViewController.storyboard; sourceTree = "<group>"; };
/* End PBXFileReference section */

/* Begin PBXFrameworksBuildPhase section */
		D42734842BD71C1200174AB1 /* Frameworks */ = {
			isa = PBXFrameworksBuildPhase;
			buildActionMask = 2147483647;
			files = (
			);
			runOnlyForDeploymentPostprocessing = 0;
		};
/* End PBXFrameworksBuildPhase section */

/* Begin PBXGroup section */
		D427347E2BD71C1100174AB1 = {
			isa = PBXGroup;
			children = (
				D42734892BD71C1200174AB1 /* GradePredictor */,
				D42734882BD71C1200174AB1 /* Products */,
			);
			sourceTree = "<group>";
		};
		D42734882BD71C1200174AB1 /* Products */ = {
			isa = PBXGroup;
			children = (
				D42734872BD71C1200174AB1 /* GradePredictor.app */,
			);
			name = Products;
			sourceTree = "<group>";
		};
		D42734892BD71C1200174AB1 /* GradePredictor */ = {
			isa = PBXGroup;
			children = (
				D42734A22BD83C2300174AB1 /* SubjectsTableViewController.swift */,
				D42734A02BD83BC300174AB1 /* Model.swift */,
				D427348A2BD71C1200174AB1 /* AppDelegate.swift */,
				D427348C2BD71C1200174AB1 /* SceneDelegate.swift */,
				D42734902BD71C1200174AB1 /* Main.storyboard */,
				D42734A42BDB097A00174AB1 /* Grade */,
				D42734932BD71C1400174AB1 /* Assets.xcassets */,
				D42734952BD71C1400174AB1 /* LaunchScreen.storyboard */,
				D42734982BD71C1400174AB1 /* Info.plist */,
			);
			path = GradePredictor;
			sourceTree = "<group>";
		};
		D42734A42BDB097A00174AB1 /* Grade */ = {
			isa = PBXGroup;
			children = (
				D42734A52BDB09C200174AB1 /* GradeViewController.swift */,
				D42734A72BDB0A2B00174AB1 /* GradeViewController.storyboard */,
			);
			path = Grade;
			sourceTree = "<group>";
		};
/* End PBXGroup section */

/* Begin PBXNativeTarget section */
		D42734862BD71C1200174AB1 /* GradePredictor */ = {
			isa = PBXNativeTarget;
			buildConfigurationList = D427349B2BD71C1400174AB1 /* Build configuration list for PBXNativeTarget "GradePredictor" */;
			buildPhases = (
				D42734832BD71C1200174AB1 /* Sources */,
				D42734842BD71C1200174AB1 /* Frameworks */,
				D42734852BD71C1200174AB1 /* Resources */,
			);
			buildRules = (
			);
			dependencies = (
			);
			name = GradePredictor;
			productName = GradePredictor;
			productReference = D42734872BD71C1200174AB1 /* GradePredictor.app */;
			productType = "com.apple.product-type.application";
		};
/* End PBXNativeTarget section */

/* Begin PBXProject section */
		D427347F2BD71C1100174AB1 /* Project object */ = {
			isa = PBXProject;
			attributes = {
				BuildIndependentTargetsInParallel = 1;
				LastSwiftUpdateCheck = 1420;
				LastUpgradeCheck = 1420;
				TargetAttributes = {
					D42734862BD71C1200174AB1 = {
						CreatedOnToolsVersion = 14.2;
					};
				};
			};
			buildConfigurationList = D42734822BD71C1100174AB1 /* Build configuration list for PBXProject "GradePredictor" */;
			compatibilityVersion = "Xcode 14.0";
			developmentRegion = en;
			hasScannedForEncodings = 0;
			knownRegions = (
				en,
				Base,
			);
			mainGroup = D427347E2BD71C1100174AB1;
			productRefGroup = D42734882BD71C1200174AB1 /* Products */;
			projectDirPath = "";
			projectRoot = "";
			targets = (
				D42734862BD71C1200174AB1 /* GradePredictor */,
			);
		};
/* End PBXProject section */

/* Begin PBXResourcesBuildPhase section */
		D42734852BD71C1200174AB1 /* Resources */ = {
			isa = PBXResourcesBuildPhase;
			buildActionMask = 2147483647;
			files = (
				D42734972BD71C1400174AB1 /* LaunchScreen.storyboard in Resources */,
				D42734942BD71C1400174AB1 /* Assets.xcassets in Resources */,
				D42734922BD71C1200174AB1 /* Main.storyboard in Resources */,
				D42734A82BDB0A2B00174AB1 /* GradeViewController.storyboard in Resources */,
			);
			runOnlyForDeploymentPostprocessing = 0;
		};
/* End PBXResourcesBuildPhase section */

/* Begin PBXSourcesBuildPhase section */
		D42734832BD71C1200174AB1 /* Sources */ = {
			isa = PBXSourcesBuildPhase;
			buildActionMask = 2147483647;
			files = (
				D427348B2BD71C1200174AB1 /* AppDelegate.swift in Sources */,
				D427348D2BD71C1200174AB1 /* SceneDelegate.swift in Sources */,
				D42734A32BD83C2300174AB1 /* SubjectsTableViewController.swift in Sources */,
				D42734A12BD83BC300174AB1 /* Model.swift in Sources */,
				D42734A62BDB09C200174AB1 /* GradeViewController.swift in Sources */,
			);
			runOnlyForDeploymentPostprocessing = 0;
		};
/* End PBXSourcesBuildPhase section */

/* Begin PBXVariantGroup section */
		D42734902BD71C1200174AB1 /* Main.storyboard */ = {
			isa = PBXVariantGroup;
			children = (
				D42734912BD71C1200174AB1 /* Base */,
			);
			name = Main.storyboard;
			sourceTree = "<group>";
		};
		D42734952BD71C1400174AB1 /* LaunchScreen.storyboard */ = {
			isa = PBXVariantGroup;
			children = (
				D42734962BD71C1400174AB1 /* Base */,
			);
			name = LaunchScreen.storyboard;
			sourceTree = "<group>";
		};
/* End PBXVariantGroup section */

/* Begin XCBuildConfiguration section */
		D42734992BD71C1400174AB1 /* Debug */ = {
			isa = XCBuildConfiguration;
			buildSettings = {
				ALWAYS_SEARCH_USER_PATHS = NO;
				CLANG_ANALYZER_NONNULL = YES;
				CLANG_ANALYZER_NUMBER_OBJECT_CONVERSION = YES_AGGRESSIVE;
				CLANG_CXX_LANGUAGE_STANDARD = "gnu++20";
				CLANG_ENABLE_MODULES = YES;
				CLANG_ENABLE_OBJC_ARC = YES;
				CLANG_ENABLE_OBJC_WEAK = YES;
				CLANG_WARN_BLOCK_CAPTURE_AUTORELEASING = YES;
				CLANG_WARN_BOOL_CONVERSION = YES;
				CLANG_WARN_COMMA = YES;
				CLANG_WARN_CONSTANT_CONVERSION = YES;
				CLANG_WARN_DEPRECATED_OBJC_IMPLEMENTATIONS = YES;
				CLANG_WARN_DIRECT_OBJC_ISA_USAGE = YES_ERROR;
				CLANG_WARN_DOCUMENTATION_COMMENTS = YES;
				CLANG_WARN_EMPTY_BODY = YES;
				CLANG_WARN_ENUM_CONVERSION = YES;
				CLANG_WARN_INFINITE_RECURSION = YES;
				CLANG_WARN_INT_CONVERSION = YES;
				CLANG_WARN_NON_LITERAL_NULL_CONVERSION = YES;
				CLANG_WARN_OBJC_IMPLICIT_RETAIN_SELF = YES;
				CLANG_WARN_OBJC_LITERAL_CONVERSION = YES;
				CLANG_WARN_OBJC_ROOT_CLASS = YES_ERROR;
				CLANG_WARN_QUOTED_INCLUDE_IN_FRAMEWORK_HEADER = YES;
				CLANG_WARN_RANGE_LOOP_ANALYSIS = YES;
				CLANG_WARN_STRICT_PROTOTYPES = YES;
				CLANG_WARN_SUSPICIOUS_MOVE = YES;
				CLANG_WARN_UNGUARDED_AVAILABILITY = YES_AGGRESSIVE;
				CLANG_WARN_UNREACHABLE_CODE = YES;
				CLANG_WARN__DUPLICATE_METHOD_MATCH = YES;
				COPY_PHASE_STRIP = NO;
				DEBUG_INFORMATION_FORMAT = dwarf;
				ENABLE_STRICT_OBJC_MSGSEND = YES;
				ENABLE_TESTABILITY = YES;
				GCC_C_LANGUAGE_STANDARD = gnu11;
				GCC_DYNAMIC_NO_PIC = NO;
				GCC_NO_COMMON_BLOCKS = YES;
				GCC_OPTIMIZATION_LEVEL = 0;
				GCC_PREPROCESSOR_DEFINITIONS = (
					"DEBUG=1",
					"$(inherited)",
				);
				GCC_WARN_64_TO_32_BIT_CONVERSION = YES;
				GCC_WARN_ABOUT_RETURN_TYPE = YES_ERROR;
				GCC_WARN_UNDECLARED_SELECTOR = YES;
				GCC_WARN_UNINITIALIZED_AUTOS = YES_AGGRESSIVE;
				GCC_WARN_UNUSED_FUNCTION = YES;
				GCC_WARN_UNUSED_VARIABLE = YES;
				IPHONEOS_DEPLOYMENT_TARGET = 16.2;
				MTL_ENABLE_DEBUG_INFO = INCLUDE_SOURCE;
				MTL_FAST_MATH = YES;
				ONLY_ACTIVE_ARCH = YES;
				SDKROOT = iphoneos;
				SWIFT_ACTIVE_COMPILATION_CONDITIONS = DEBUG;
				SWIFT_OPTIMIZATION_LEVEL = "-Onone";
			};
			name = Debug;
		};
		D427349A2BD71C1400174AB1 /* Release */ = {
			isa = XCBuildConfiguration;
			buildSettings = {
				ALWAYS_SEARCH_USER_PATHS = NO;
				CLANG_ANALYZER_NONNULL = YES;
				CLANG_ANALYZER_NUMBER_OBJECT_CONVERSION = YES_AGGRESSIVE;
				CLANG_CXX_LANGUAGE_STANDARD = "gnu++20";
				CLANG_ENABLE_MODULES = YES;
				CLANG_ENABLE_OBJC_ARC = YES;
				CLANG_ENABLE_OBJC_WEAK = YES;
				CLANG_WARN_BLOCK_CAPTURE_AUTORELEASING = YES;
				CLANG_WARN_BOOL_CONVERSION = YES;
				CLANG_WARN_COMMA = YES;
				CLANG_WARN_CONSTANT_CONVERSION = YES;
				CLANG_WARN_DEPRECATED_OBJC_IMPLEMENTATIONS = YES;
				CLANG_WARN_DIRECT_OBJC_ISA_USAGE = YES_ERROR;
				CLANG_WARN_DOCUMENTATION_COMMENTS = YES;
				CLANG_WARN_EMPTY_BODY = YES;
				CLANG_WARN_ENUM_CONVERSION = YES;
				CLANG_WARN_INFINITE_RECURSION = YES;
				CLANG_WARN_INT_CONVERSION = YES;
				CLANG_WARN_NON_LITERAL_NULL_CONVERSION = YES;
				CLANG_WARN_OBJC_IMPLICIT_RETAIN_SELF = YES;
				CLANG_WARN_OBJC_LITERAL_CONVERSION = YES;
				CLANG_WARN_OBJC_ROOT_CLASS = YES_ERROR;
				CLANG_WARN_QUOTED_INCLUDE_IN_FRAMEWORK_HEADER = YES;
				CLANG_WARN_RANGE_LOOP_ANALYSIS = YES;
				CLANG_WARN_STRICT_PROTOTYPES = YES;
				CLANG_WARN_SUSPICIOUS_MOVE = YES;
				CLANG_WARN_UNGUARDED_AVAILABILITY = YES_AGGRESSIVE;
				CLANG_WARN_UNREACHABLE_CODE = YES;
				CLANG_WARN__DUPLICATE_METHOD_MATCH = YES;
				COPY_PHASE_STRIP = NO;
				DEBUG_INFORMATION_FORMAT = "dwarf-with-dsym";
				ENABLE_NS_ASSERTIONS = NO;
				ENABLE_STRICT_OBJC_MSGSEND = YES;
				GCC_C_LANGUAGE_STANDARD = gnu11;
				GCC_NO_COMMON_BLOCKS = YES;
				GCC_WARN_64_TO_32_BIT_CONVERSION = YES;
				GCC_WARN_ABOUT_RETURN_TYPE = YES_ERROR;
				GCC_WARN_UNDECLARED_SELECTOR = YES;
				GCC_WARN_UNINITIALIZED_AUTOS = YES_AGGRESSIVE;
				GCC_WARN_UNUSED_FUNCTION = YES;
				GCC_WARN_UNUSED_VARIABLE = YES;
				IPHONEOS_DEPLOYMENT_TARGET = 16.2;
				MTL_ENABLE_DEBUG_INFO = NO;
				MTL_FAST_MATH = YES;
				SDKROOT = iphoneos;
				SWIFT_COMPILATION_MODE = wholemodule;
				SWIFT_OPTIMIZATION_LEVEL = "-O";
				VALIDATE_PRODUCT = YES;
			};
			name = Release;
		};
		D427349C2BD71C1400174AB1 /* Debug */ = {
			isa = XCBuildConfiguration;
			buildSettings = {
				ASSETCATALOG_COMPILER_APPICON_NAME = AppIcon;
				ASSETCATALOG_COMPILER_GLOBAL_ACCENT_COLOR_NAME = AccentColor;
				CODE_SIGN_STYLE = Automatic;
				CURRENT_PROJECT_VERSION = 1;
				DEVELOPMENT_TEAM = 6PN8FPUG64;
				GENERATE_INFOPLIST_FILE = YES;
				INFOPLIST_FILE = GradePredictor/Info.plist;
				INFOPLIST_KEY_UIApplicationSupportsIndirectInputEvents = YES;
				INFOPLIST_KEY_UILaunchStoryboardName = LaunchScreen;
				INFOPLIST_KEY_UIMainStoryboardFile = Main;
				INFOPLIST_KEY_UISupportedInterfaceOrientations_iPad = "UIInterfaceOrientationPortrait UIInterfaceOrientationPortraitUpsideDown UIInterfaceOrientationLandscapeLeft UIInterfaceOrientationLandscapeRight";
				INFOPLIST_KEY_UISupportedInterfaceOrientations_iPhone = "UIInterfaceOrientationPortrait UIInterfaceOrientationLandscapeLeft UIInterfaceOrientationLandscapeRight";
				LD_RUNPATH_SEARCH_PATHS = (
					"$(inherited)",
					"@executable_path/Frameworks",
				);
				MARKETING_VERSION = 1.0;
				PRODUCT_BUNDLE_IDENTIFIER = "-.GradePredictor";
				PRODUCT_NAME = "$(TARGET_NAME)";
				SWIFT_EMIT_LOC_STRINGS = YES;
				SWIFT_VERSION = 5.0;
				TARGETED_DEVICE_FAMILY = "1,2";
			};
			name = Debug;
		};
		D427349D2BD71C1400174AB1 /* Release */ = {
			isa = XCBuildConfiguration;
			buildSettings = {
				ASSETCATALOG_COMPILER_APPICON_NAME = AppIcon;
				ASSETCATALOG_COMPILER_GLOBAL_ACCENT_COLOR_NAME = AccentColor;
				CODE_SIGN_STYLE = Automatic;
				CURRENT_PROJECT_VERSION = 1;
				DEVELOPMENT_TEAM = 6PN8FPUG64;
				GENERATE_INFOPLIST_FILE = YES;
				INFOPLIST_FILE = GradePredictor/Info.plist;
				INFOPLIST_KEY_UIApplicationSupportsIndirectInputEvents = YES;
				INFOPLIST_KEY_UILaunchStoryboardName = LaunchScreen;
				INFOPLIST_KEY_UIMainStoryboardFile = Main;
				INFOPLIST_KEY_UISupportedInterfaceOrientations_iPad = "UIInterfaceOrientationPortrait UIInterfaceOrientationPortraitUpsideDown UIInterfaceOrientationLandscapeLeft UIInterfaceOrientationLandscapeRight";
				INFOPLIST_KEY_UISupportedInterfaceOrientations_iPhone = "UIInterfaceOrientationPortrait UIInterfaceOrientationLandscapeLeft UIInterfaceOrientationLandscapeRight";
				LD_RUNPATH_SEARCH_PATHS = (
					"$(inherited)",
					"@executable_path/Frameworks",
				);
				MARKETING_VERSION = 1.0;
				PRODUCT_BUNDLE_IDENTIFIER = "-.GradePredictor";
				PRODUCT_NAME = "$(TARGET_NAME)";
				SWIFT_EMIT_LOC_STRINGS = YES;
				SWIFT_VERSION = 5.0;
				TARGETED_DEVICE_FAMILY = "1,2";
			};
			name = Release;
		};
/* End XCBuildConfiguration section */

/* Begin XCConfigurationList section */
		D42734822BD71C1100174AB1 /* Build configuration list for PBXProject "GradePredictor" */ = {
			isa = XCConfigurationList;
			buildConfigurations = (
				D42734992BD71C1400174AB1 /* Debug */,
				D427349A2BD71C1400174AB1 /* Release */,
			);
			defaultConfigurationIsVisible = 0;
			defaultConfigurationName = Release;
		};
		D427349B2BD71C1400174AB1 /* Build configuration list for PBXNativeTarget "GradePredictor" */ = {
			isa = XCConfigurationList;
			buildConfigurations = (
				D427349C2BD71C1400174AB1 /* Debug */,
				D427349D2BD71C1400174AB1 /* Release */,
			);
			defaultConfigurationIsVisible = 0;
			defaultConfigurationName = Release;
		};
/* End XCConfigurationList section */
	};
	rootObject = D427347F2BD71C1100174AB1 /* Project object */;
}
